<?xml version="1.0" encoding="utf-8"?>
<Project ToolsVersion="4.0" xmlns="http://schemas.microsoft.com/developer/msbuild/2003">
  <ItemGroup>
    <ClCompile Include="sdl\sdl.cpp" />
    <ClCompile Include="sdl\sdlgraphics.cpp" />
    <ClCompile Include="sdl\sdlimage.cpp" />
    <ClCompile Include="sdl\sdlimageloader.cpp" />
    <ClCompile Include="sdl\sdlinput.cpp" />
    <ClCompile Include="widgets\button.cpp" />
    <ClCompile Include="widgets\checkbox.cpp" />
    <ClCompile Include="widgets\container.cpp" />
    <ClCompile Include="widgets\dropdown.cpp" />
    <ClCompile Include="widgets\icon.cpp" />
    <ClCompile Include="widgets\imagebutton.cpp" />
    <ClCompile Include="widgets\label.cpp" />
    <ClCompile Include="widgets\listbox.cpp" />
    <ClCompile Include="widgets\radiobutton.cpp" />
    <ClCompile Include="widgets\scrollarea.cpp" />
    <ClCompile Include="widgets\slider.cpp" />
    <ClCompile Include="widgets\tab.cpp" />
    <ClCompile Include="widgets\tabbedarea.cpp" />
    <ClCompile Include="widgets\textbox.cpp" />
    <ClCompile Include="widgets\textfield.cpp" />
    <ClCompile Include="widgets\window.cpp" />
    <ClCompile Include="actionevent.cpp" />
    <ClCompile Include="basiccontainer.cpp" />
    <ClCompile Include="cliprectangle.cpp" />
    <ClCompile Include="color.cpp" />
    <ClCompile Include="defaultfont.cpp" />
    <ClCompile Include="event.cpp" />
    <ClCompile Include="exception.cpp" />
    <ClCompile Include="focushandler.cpp" />
    <ClCompile Include="font.cpp" />
    <ClCompile Include="genericinput.cpp" />
    <ClCompile Include="graphics.cpp" />
    <ClCompile Include="gui.cpp" />
    <ClCompile Include="guisan.cpp" />
    <ClCompile Include="image.cpp" />
    <ClCompile Include="imagefont.cpp" />
    <ClCompile Include="inputevent.cpp" />
    <ClCompile Include="key.cpp" />
    <ClCompile Include="keyevent.cpp" />
    <ClCompile Include="keyinput.cpp" />
    <ClCompile Include="mouseevent.cpp" />
    <ClCompile Include="mouseinput.cpp" />
    <ClCompile Include="rectangle.cpp" />
    <ClCompile Include="selectionevent.cpp" />
    <ClCompile Include="widget.cpp" />
  </ItemGroup>
  <ItemGroup>
    <ClInclude Include="sdl\sdlgraphics.hpp" />
    <ClInclude Include="sdl\sdlimage.hpp" />
    <ClInclude Include="sdl\sdlimageloader.hpp" />
    <ClInclude Include="sdl\sdlinput.hpp" />
    <ClInclude Include="sdl\sdlpixel.hpp" />
    <ClInclude Include="widgets\button.hpp" />
    <ClInclude Include="widgets\checkbox.hpp" />
    <ClInclude Include="widgets\container.hpp" />
    <ClInclude Include="widgets\dropdown.hpp" />
    <ClInclude Include="widgets\icon.hpp" />
    <ClInclude Include="widgets\imagebutton.hpp" />
    <ClInclude Include="widgets\label.hpp" />
    <ClInclude Include="widgets\listbox.hpp" />
    <ClInclude Include="widgets\radiobutton.hpp" />
    <ClInclude Include="widgets\scrollarea.hpp" />
    <ClInclude Include="widgets\slider.hpp" />
    <ClInclude Include="widgets\tab.hpp" />
    <ClInclude Include="widgets\tabbedarea.hpp" />
    <ClInclude Include="widgets\textbox.hpp" />
    <ClInclude Include="widgets\textfield.hpp" />
    <ClInclude Include="widgets\window.hpp" />
    <ClInclude Include="actionevent.hpp" />
    <ClInclude Include="actionlistener.hpp" />
    <ClInclude Include="basiccontainer.hpp" />
    <ClInclude Include="cliprectangle.hpp" />
    <ClInclude Include="color.hpp" />
    <ClInclude Include="deathlistener.hpp" />
    <ClInclude Include="defaultfont.hpp" />
    <ClInclude Include="event.hpp" />
    <ClInclude Include="exception.hpp" />
    <ClInclude Include="focushandler.hpp" />
    <ClInclude Include="focuslistener.hpp" />
    <ClInclude Include="font.hpp" />
    <ClInclude Include="genericinput.hpp" />
    <ClInclude Include="glut.hpp" />
    <ClInclude Include="graphics.hpp" />
    <ClInclude Include="gui.hpp" />
    <ClInclude Include="guisan.hpp" />
    <ClInclude Include="image.hpp" />
    <ClInclude Include="imagefont.hpp" />
    <ClInclude Include="imageloader.hpp" />
    <ClInclude Include="input.hpp" />
    <ClInclude Include="inputevent.hpp" />
    <ClInclude Include="key.hpp" />
    <ClInclude Include="keyevent.hpp" />
    <ClInclude Include="keyinput.hpp" />
    <ClInclude Include="keylistener.hpp" />
    <ClInclude Include="listmodel.hpp" />
    <ClInclude Include="mouseevent.hpp" />
    <ClInclude Include="mouseinput.hpp" />
    <ClInclude Include="mouselistener.hpp" />
    <ClInclude Include="opengl.hpp" />
    <ClInclude Include="platform.hpp" />
    <ClInclude Include="rectangle.hpp" />
    <ClInclude Include="sdl.hpp" />
    <ClInclude Include="selectionevent.hpp" />
    <ClInclude Include="selectionlistener.hpp" />
    <ClInclude Include="widget.hpp" />
    <ClInclude Include="widgetlistener.hpp" />
    <ClInclude Include="x.hpp" />
  </ItemGroup>
  <ItemGroup>
    <None Include="COPYING" />
  </ItemGroup>
</Project>